// !$*UTF8*$!
{
	archiveVersion = 1;
	classes = {
	};
	objectVersion = 50;
	objects = {

/* Begin PBXBuildFile section */
		0E106A2D252C6C1F003B0112 /* style.css in Resources */ = {isa = PBXBuildFile; fileRef = 0E106A2C252C6C1F003B0112 /* style.css */; };
		0E37CED5252B25060000159D /* MyTextEditorView.swift in Sources */ = {isa = PBXBuildFile; fileRef = 0E37CED4252B25060000159D /* MyTextEditorView.swift */; };
		0E37CED9252B255E0000159D /* MyTextEditorViewController.swift in Sources */ = {isa = PBXBuildFile; fileRef = 0E37CED8252B255E0000159D /* MyTextEditorViewController.swift */; };
		0E3BB03E25297D22004DE5AD /* ComponentEditorViewController.swift in Sources */ = {isa = PBXBuildFile; fileRef = 0E3BB03D25297D22004DE5AD /* ComponentEditorViewController.swift */; };
		0E3D9762253455EC00B64F18 /* tutorial.wedoc in Resources */ = {isa = PBXBuildFile; fileRef = 0E3D9761253455EC00B64F18 /* tutorial.wedoc */; };
		0E4FC94B253C3B7000DF6682 /* MyTextFieldViewController.swift in Sources */ = {isa = PBXBuildFile; fileRef = 0E4FC94A253C3B7000DF6682 /* MyTextFieldViewController.swift */; };
		0E4FC94F253C3BD800DF6682 /* MyTextFieldView.swift in Sources */ = {isa = PBXBuildFile; fileRef = 0E4FC94E253C3BD800DF6682 /* MyTextFieldView.swift */; };
		0E9238E42528C2B800571918 /* TableView.swift in Sources */ = {isa = PBXBuildFile; fileRef = 0E9238E32528C2B800571918 /* TableView.swift */; };
		0EAF0CD92528922900F552E6 /* EditorViewController.swift in Sources */ = {isa = PBXBuildFile; fileRef = 0EAF0CD82528922900F552E6 /* EditorViewController.swift */; };
		0EAF0CDD252895DA00F552E6 /* UIColor+tint.swift in Sources */ = {isa = PBXBuildFile; fileRef = 0EAF0CDC252895DA00F552E6 /* UIColor+tint.swift */; };
		0EAF0CEB2528C16600F552E6 /* BlurView.swift in Sources */ = {isa = PBXBuildFile; fileRef = 0EAF0CE12528C16600F552E6 /* BlurView.swift */; };
		0EAF0CEE2528C16600F552E6 /* Spinner.swift in Sources */ = {isa = PBXBuildFile; fileRef = 0EAF0CE42528C16600F552E6 /* Spinner.swift */; };
		0EAF0CEF2528C16600F552E6 /* CircularProgressView.swift in Sources */ = {isa = PBXBuildFile; fileRef = 0EAF0CE52528C16600F552E6 /* CircularProgressView.swift */; };
		0EAF0CF02528C16600F552E6 /* ListCell.swift in Sources */ = {isa = PBXBuildFile; fileRef = 0EAF0CE62528C16600F552E6 /* ListCell.swift */; };
		0EAF0CF12528C16600F552E6 /* TopBar.swift in Sources */ = {isa = PBXBuildFile; fileRef = 0EAF0CE72528C16600F552E6 /* TopBar.swift */; };
		0EAF0CF22528C16600F552E6 /* BorderedButton.swift in Sources */ = {isa = PBXBuildFile; fileRef = 0EAF0CE82528C16600F552E6 /* BorderedButton.swift */; };
		0EAF0CF32528C16600F552E6 /* CircularButton.swift in Sources */ = {isa = PBXBuildFile; fileRef = 0EAF0CE92528C16600F552E6 /* CircularButton.swift */; };
		0EAF0CF42528C16600F552E6 /* LabelButtonView.swift in Sources */ = {isa = PBXBuildFile; fileRef = 0EAF0CEA2528C16600F552E6 /* LabelButtonView.swift */; };
		0EAF0D022528C18700F552E6 /* CellModifier.swift in Sources */ = {isa = PBXBuildFile; fileRef = 0EAF0CF92528C18700F552E6 /* CellModifier.swift */; };
		0EAF0D042528C18700F552E6 /* ButtonModifier.swift in Sources */ = {isa = PBXBuildFile; fileRef = 0EAF0CFB2528C18700F552E6 /* ButtonModifier.swift */; };
		0EAF0D052528C18700F552E6 /* Disabled.swift in Sources */ = {isa = PBXBuildFile; fileRef = 0EAF0CFC2528C18700F552E6 /* Disabled.swift */; };
		0EAF0D062528C18700F552E6 /* Layout.swift in Sources */ = {isa = PBXBuildFile; fileRef = 0EAF0CFD2528C18700F552E6 /* Layout.swift */; };
		0EAF0D072528C18700F552E6 /* Blur.swift in Sources */ = {isa = PBXBuildFile; fileRef = 0EAF0CFE2528C18700F552E6 /* Blur.swift */; };
		0EAF0D082528C18700F552E6 /* TopBarViewModifier.swift in Sources */ = {isa = PBXBuildFile; fileRef = 0EAF0CFF2528C18700F552E6 /* TopBarViewModifier.swift */; };
		0EAF0D092528C18700F552E6 /* Stroke.swift in Sources */ = {isa = PBXBuildFile; fileRef = 0EAF0D002528C18700F552E6 /* Stroke.swift */; };
		0EC771A82529C0E200F24032 /* BlankView.swift in Sources */ = {isa = PBXBuildFile; fileRef = 0EC771A72529C0E200F24032 /* BlankView.swift */; };
		0EC771AD252A0B7800F24032 /* MyFileManager.swift in Sources */ = {isa = PBXBuildFile; fileRef = 0EC771AC252A0B7800F24032 /* MyFileManager.swift */; };
		0EC771B0252A0B7E00F24032 /* FileViewController.swift in Sources */ = {isa = PBXBuildFile; fileRef = 0EC771AF252A0B7E00F24032 /* FileViewController.swift */; };
		0EC771B3252A0BA200F24032 /* Global.swift in Sources */ = {isa = PBXBuildFile; fileRef = 0EC771B2252A0BA200F24032 /* Global.swift */; };
		0EC771B6252A0E3100F24032 /* FileGenerator.swift in Sources */ = {isa = PBXBuildFile; fileRef = 0EC771B5252A0E3100F24032 /* FileGenerator.swift */; };
		0ED9D580252859BB00C5FB76 /* AppDelegate.swift in Sources */ = {isa = PBXBuildFile; fileRef = 0ED9D57F252859BB00C5FB76 /* AppDelegate.swift */; };
		0ED9D582252859BB00C5FB76 /* SceneDelegate.swift in Sources */ = {isa = PBXBuildFile; fileRef = 0ED9D581252859BB00C5FB76 /* SceneDelegate.swift */; };
		0ED9D584252859BB00C5FB76 /* HTMLPreviewViewController.swift in Sources */ = {isa = PBXBuildFile; fileRef = 0ED9D583252859BB00C5FB76 /* HTMLPreviewViewController.swift */; };
		0ED9D587252859BB00C5FB76 /* Main.storyboard in Resources */ = {isa = PBXBuildFile; fileRef = 0ED9D585252859BB00C5FB76 /* Main.storyboard */; };
		0ED9D589252859BC00C5FB76 /* Assets.xcassets in Resources */ = {isa = PBXBuildFile; fileRef = 0ED9D588252859BC00C5FB76 /* Assets.xcassets */; };
		0ED9D58C252859BC00C5FB76 /* LaunchScreen.storyboard in Resources */ = {isa = PBXBuildFile; fileRef = 0ED9D58A252859BC00C5FB76 /* LaunchScreen.storyboard */; };
		0ED9D59625285A2F00C5FB76 /* Component.swift in Sources */ = {isa = PBXBuildFile; fileRef = 0ED9D59525285A2F00C5FB76 /* Component.swift */; };
		0ED9D59A2528696000C5FB76 /* HTMLGenerator.swift in Sources */ = {isa = PBXBuildFile; fileRef = 0ED9D5992528696000C5FB76 /* HTMLGenerator.swift */; };
		0ED9D5A1252874CF00C5FB76 /* MainSplitViewController.swift in Sources */ = {isa = PBXBuildFile; fileRef = 0ED9D5A0252874CF00C5FB76 /* MainSplitViewController.swift */; };
		0ED9D5A5252875C500C5FB76 /* ComponentEditorView.swift in Sources */ = {isa = PBXBuildFile; fileRef = 0ED9D5A4252875C500C5FB76 /* ComponentEditorView.swift */; };
/* End PBXBuildFile section */

/* Begin PBXFileReference section */
		0E106A2C252C6C1F003B0112 /* style.css */ = {isa = PBXFileReference; fileEncoding = 4; lastKnownFileType = text.css; path = style.css; sourceTree = "<group>"; };
		0E37CED4252B25060000159D /* MyTextEditorView.swift */ = {isa = PBXFileReference; lastKnownFileType = sourcecode.swift; path = MyTextEditorView.swift; sourceTree = "<group>"; };
		0E37CED8252B255E0000159D /* MyTextEditorViewController.swift */ = {isa = PBXFileReference; lastKnownFileType = sourcecode.swift; path = MyTextEditorViewController.swift; sourceTree = "<group>"; };
		0E3BB03D25297D22004DE5AD /* ComponentEditorViewController.swift */ = {isa = PBXFileReference; lastKnownFileType = sourcecode.swift; path = ComponentEditorViewController.swift; sourceTree = "<group>"; };
		0E3D9761253455EC00B64F18 /* tutorial.wedoc */ = {isa = PBXFileReference; fileEncoding = 4; lastKnownFileType = text; path = tutorial.wedoc; sourceTree = "<group>"; };
		0E4FC94A253C3B7000DF6682 /* MyTextFieldViewController.swift */ = {isa = PBXFileReference; lastKnownFileType = sourcecode.swift; path = MyTextFieldViewController.swift; sourceTree = "<group>"; };
		0E4FC94E253C3BD800DF6682 /* MyTextFieldView.swift */ = {isa = PBXFileReference; lastKnownFileType = sourcecode.swift; path = MyTextFieldView.swift; sourceTree = "<group>"; };
		0E9238E32528C2B800571918 /* TableView.swift */ = {isa = PBXFileReference; fileEncoding = 4; lastKnownFileType = sourcecode.swift; path = TableView.swift; sourceTree = "<group>"; };
		0E9238E62528D14800571918 /* WXEditor.entitlements */ = {isa = PBXFileReference; lastKnownFileType = text.plist.entitlements; path = WXEditor.entitlements; sourceTree = "<group>"; };
		0EAF0CD82528922900F552E6 /* EditorViewController.swift */ = {isa = PBXFileReference; lastKnownFileType = sourcecode.swift; path = EditorViewController.swift; sourceTree = "<group>"; };
		0EAF0CDC252895DA00F552E6 /* UIColor+tint.swift */ = {isa = PBXFileReference; lastKnownFileType = sourcecode.swift; path = "UIColor+tint.swift"; sourceTree = "<group>"; };
		0EAF0CE12528C16600F552E6 /* BlurView.swift */ = {isa = PBXFileReference; fileEncoding = 4; lastKnownFileType = sourcecode.swift; path = BlurView.swift; sourceTree = "<group>"; };
		0EAF0CE42528C16600F552E6 /* Spinner.swift */ = {isa = PBXFileReference; fileEncoding = 4; lastKnownFileType = sourcecode.swift; path = Spinner.swift; sourceTree = "<group>"; };
		0EAF0CE52528C16600F552E6 /* CircularProgressView.swift */ = {isa = PBXFileReference; fileEncoding = 4; lastKnownFileType = sourcecode.swift; path = CircularProgressView.swift; sourceTree = "<group>"; };
		0EAF0CE62528C16600F552E6 /* ListCell.swift */ = {isa = PBXFileReference; fileEncoding = 4; lastKnownFileType = sourcecode.swift; path = ListCell.swift; sourceTree = "<group>"; };
		0EAF0CE72528C16600F552E6 /* TopBar.swift */ = {isa = PBXFileReference; fileEncoding = 4; lastKnownFileType = sourcecode.swift; path = TopBar.swift; sourceTree = "<group>"; };
		0EAF0CE82528C16600F552E6 /* BorderedButton.swift */ = {isa = PBXFileReference; fileEncoding = 4; lastKnownFileType = sourcecode.swift; path = BorderedButton.swift; sourceTree = "<group>"; };
		0EAF0CE92528C16600F552E6 /* CircularButton.swift */ = {isa = PBXFileReference; fileEncoding = 4; lastKnownFileType = sourcecode.swift; path = CircularButton.swift; sourceTree = "<group>"; };
		0EAF0CEA2528C16600F552E6 /* LabelButtonView.swift */ = {isa = PBXFileReference; fileEncoding = 4; lastKnownFileType = sourcecode.swift; path = LabelButtonView.swift; sourceTree = "<group>"; };
		0EAF0CF92528C18700F552E6 /* CellModifier.swift */ = {isa = PBXFileReference; fileEncoding = 4; lastKnownFileType = sourcecode.swift; path = CellModifier.swift; sourceTree = "<group>"; };
		0EAF0CFB2528C18700F552E6 /* ButtonModifier.swift */ = {isa = PBXFileReference; fileEncoding = 4; lastKnownFileType = sourcecode.swift; path = ButtonModifier.swift; sourceTree = "<group>"; };
		0EAF0CFC2528C18700F552E6 /* Disabled.swift */ = {isa = PBXFileReference; fileEncoding = 4; lastKnownFileType = sourcecode.swift; path = Disabled.swift; sourceTree = "<group>"; };
		0EAF0CFD2528C18700F552E6 /* Layout.swift */ = {isa = PBXFileReference; fileEncoding = 4; lastKnownFileType = sourcecode.swift; path = Layout.swift; sourceTree = "<group>"; };
		0EAF0CFE2528C18700F552E6 /* Blur.swift */ = {isa = PBXFileReference; fileEncoding = 4; lastKnownFileType = sourcecode.swift; path = Blur.swift; sourceTree = "<group>"; };
		0EAF0CFF2528C18700F552E6 /* TopBarViewModifier.swift */ = {isa = PBXFileReference; fileEncoding = 4; lastKnownFileType = sourcecode.swift; path = TopBarViewModifier.swift; sourceTree = "<group>"; };
		0EAF0D002528C18700F552E6 /* Stroke.swift */ = {isa = PBXFileReference; fileEncoding = 4; lastKnownFileType = sourcecode.swift; path = Stroke.swift; sourceTree = "<group>"; };
		0EC771A72529C0E200F24032 /* BlankView.swift */ = {isa = PBXFileReference; lastKnownFileType = sourcecode.swift; path = BlankView.swift; sourceTree = "<group>"; };
		0EC771AC252A0B7800F24032 /* MyFileManager.swift */ = {isa = PBXFileReference; fileEncoding = 4; lastKnownFileType = sourcecode.swift; path = MyFileManager.swift; sourceTree = "<group>"; };
		0EC771AF252A0B7E00F24032 /* FileViewController.swift */ = {isa = PBXFileReference; fileEncoding = 4; lastKnownFileType = sourcecode.swift; path = FileViewController.swift; sourceTree = "<group>"; };
		0EC771B2252A0BA200F24032 /* Global.swift */ = {isa = PBXFileReference; fileEncoding = 4; lastKnownFileType = sourcecode.swift; path = Global.swift; sourceTree = "<group>"; };
		0EC771B5252A0E3100F24032 /* FileGenerator.swift */ = {isa = PBXFileReference; lastKnownFileType = sourcecode.swift; path = FileGenerator.swift; sourceTree = "<group>"; };
		0ED9D57C252859BB00C5FB76 /* WXEditor.app */ = {isa = PBXFileReference; explicitFileType = wrapper.application; includeInIndex = 0; path = WXEditor.app; sourceTree = BUILT_PRODUCTS_DIR; };
		0ED9D57F252859BB00C5FB76 /* AppDelegate.swift */ = {isa = PBXFileReference; lastKnownFileType = sourcecode.swift; path = AppDelegate.swift; sourceTree = "<group>"; };
		0ED9D581252859BB00C5FB76 /* SceneDelegate.swift */ = {isa = PBXFileReference; lastKnownFileType = sourcecode.swift; path = SceneDelegate.swift; sourceTree = "<group>"; };
		0ED9D583252859BB00C5FB76 /* HTMLPreviewViewController.swift */ = {isa = PBXFileReference; lastKnownFileType = sourcecode.swift; path = HTMLPreviewViewController.swift; sourceTree = "<group>"; };
		0ED9D586252859BB00C5FB76 /* Base */ = {isa = PBXFileReference; lastKnownFileType = file.storyboard; name = Base; path = Base.lproj/Main.storyboard; sourceTree = "<group>"; };
		0ED9D588252859BC00C5FB76 /* Assets.xcassets */ = {isa = PBXFileReference; lastKnownFileType = folder.assetcatalog; path = Assets.xcassets; sourceTree = "<group>"; };
		0ED9D58B252859BC00C5FB76 /* Base */ = {isa = PBXFileReference; lastKnownFileType = file.storyboard; name = Base; path = Base.lproj/LaunchScreen.storyboard; sourceTree = "<group>"; };
		0ED9D58D252859BC00C5FB76 /* Info.plist */ = {isa = PBXFileReference; lastKnownFileType = text.plist.xml; path = Info.plist; sourceTree = "<group>"; };
		0ED9D59525285A2F00C5FB76 /* Component.swift */ = {isa = PBXFileReference; lastKnownFileType = sourcecode.swift; path = Component.swift; sourceTree = "<group>"; };
		0ED9D5992528696000C5FB76 /* HTMLGenerator.swift */ = {isa = PBXFileReference; lastKnownFileType = sourcecode.swift; path = HTMLGenerator.swift; sourceTree = "<group>"; };
		0ED9D5A0252874CF00C5FB76 /* MainSplitViewController.swift */ = {isa = PBXFileReference; lastKnownFileType = sourcecode.swift; path = MainSplitViewController.swift; sourceTree = "<group>"; };
		0ED9D5A4252875C500C5FB76 /* ComponentEditorView.swift */ = {isa = PBXFileReference; lastKnownFileType = sourcecode.swift; path = ComponentEditorView.swift; sourceTree = "<group>"; };
/* End PBXFileReference section */

/* Begin PBXFrameworksBuildPhase section */
		0ED9D579252859BB00C5FB76 /* Frameworks */ = {
			isa = PBXFrameworksBuildPhase;
			buildActionMask = 2147483647;
			files = (
			);
			runOnlyForDeploymentPostprocessing = 0;
		};
/* End PBXFrameworksBuildPhase section */

/* Begin PBXGroup section */
		0E37CED3252B24E90000159D /* UIKit->SwiftUI */ = {
			isa = PBXGroup;
			children = (
				0E4FC949253C3B5A00DF6682 /* MyTextFieldView */,
				0E4FC948253C3B4A00DF6682 /* MyTextEditorView */,
			);
			path = "UIKit->SwiftUI";
			sourceTree = "<group>";
		};
		0E3D973C253438EC00B64F18 /* SwiftUI->UIKit */ = {
			isa = PBXGroup;
			children = (
				0E3D973D2534390100B64F18 /* Views */,
				0EAF0CE02528C16600F552E6 /* Components */,
				0EAF0CF82528C18700F552E6 /* Modifiers */,
			);
			path = "SwiftUI->UIKit";
			sourceTree = "<group>";
		};
		0E3D973D2534390100B64F18 /* Views */ = {
			isa = PBXGroup;
			children = (
				0EC771A72529C0E200F24032 /* BlankView.swift */,
				0ED9D5A4252875C500C5FB76 /* ComponentEditorView.swift */,
			);
			path = Views;
			sourceTree = "<group>";
		};
		0E4FC948253C3B4A00DF6682 /* MyTextEditorView */ = {
			isa = PBXGroup;
			children = (
				0E37CED4252B25060000159D /* MyTextEditorView.swift */,
				0E37CED8252B255E0000159D /* MyTextEditorViewController.swift */,
			);
			path = MyTextEditorView;
			sourceTree = "<group>";
		};
		0E4FC949253C3B5A00DF6682 /* MyTextFieldView */ = {
			isa = PBXGroup;
			children = (
				0E4FC94A253C3B7000DF6682 /* MyTextFieldViewController.swift */,
				0E4FC94E253C3BD800DF6682 /* MyTextFieldView.swift */,
			);
			path = MyTextFieldView;
			sourceTree = "<group>";
		};
		0EAF0CDB252895CA00F552E6 /* Support */ = {
			isa = PBXGroup;
			children = (
				0E106A2C252C6C1F003B0112 /* style.css */,
				0E3D9761253455EC00B64F18 /* tutorial.wedoc */,
			);
			path = Support;
			sourceTree = "<group>";
		};
		0EAF0CE02528C16600F552E6 /* Components */ = {
			isa = PBXGroup;
			children = (
				0E9238E32528C2B800571918 /* TableView.swift */,
				0EAF0CE12528C16600F552E6 /* BlurView.swift */,
				0EAF0CE42528C16600F552E6 /* Spinner.swift */,
				0EAF0CE52528C16600F552E6 /* CircularProgressView.swift */,
				0EAF0CE62528C16600F552E6 /* ListCell.swift */,
				0EAF0CE72528C16600F552E6 /* TopBar.swift */,
				0EAF0CE82528C16600F552E6 /* BorderedButton.swift */,
				0EAF0CE92528C16600F552E6 /* CircularButton.swift */,
				0EAF0CEA2528C16600F552E6 /* LabelButtonView.swift */,
			);
			path = Components;
			sourceTree = "<group>";
		};
		0EAF0CF82528C18700F552E6 /* Modifiers */ = {
			isa = PBXGroup;
			children = (
				0EAF0CF92528C18700F552E6 /* CellModifier.swift */,
				0EAF0CFB2528C18700F552E6 /* ButtonModifier.swift */,
				0EAF0CFC2528C18700F552E6 /* Disabled.swift */,
				0EAF0CFD2528C18700F552E6 /* Layout.swift */,
				0EAF0CFE2528C18700F552E6 /* Blur.swift */,
				0EAF0CFF2528C18700F552E6 /* TopBarViewModifier.swift */,
				0EAF0D002528C18700F552E6 /* Stroke.swift */,
			);
			path = Modifiers;
			sourceTree = "<group>";
		};
		0ED9D573252859BB00C5FB76 = {
			isa = PBXGroup;
			children = (
				0ED9D57E252859BB00C5FB76 /* WXEditor */,
				0ED9D57D252859BB00C5FB76 /* Products */,
			);
			sourceTree = "<group>";
		};
		0ED9D57D252859BB00C5FB76 /* Products */ = {
			isa = PBXGroup;
			children = (
				0ED9D57C252859BB00C5FB76 /* WXEditor.app */,
			);
			name = Products;
			sourceTree = "<group>";
		};
		0ED9D57E252859BB00C5FB76 /* WXEditor */ = {
			isa = PBXGroup;
			children = (
				0ED9D5A3252875B900C5FB76 /* Integration */,
				0ED9D59F252874AB00C5FB76 /* ViewControllers */,
				0ED9D594252859FF00C5FB76 /* Model */,
				0E9238E62528D14800571918 /* WXEditor.entitlements */,
				0EC771B2252A0BA200F24032 /* Global.swift */,
				0ED9D57F252859BB00C5FB76 /* AppDelegate.swift */,
				0ED9D581252859BB00C5FB76 /* SceneDelegate.swift */,
				0ED9D585252859BB00C5FB76 /* Main.storyboard */,
				0ED9D588252859BC00C5FB76 /* Assets.xcassets */,
				0ED9D58A252859BC00C5FB76 /* LaunchScreen.storyboard */,
				0ED9D58D252859BC00C5FB76 /* Info.plist */,
				0EAF0CDC252895DA00F552E6 /* UIColor+tint.swift */,
				0EAF0CDB252895CA00F552E6 /* Support */,
			);
			path = WXEditor;
			sourceTree = "<group>";
		};
		0ED9D594252859FF00C5FB76 /* Model */ = {
			isa = PBXGroup;
			children = (
				0EC771AC252A0B7800F24032 /* MyFileManager.swift */,
				0ED9D59525285A2F00C5FB76 /* Component.swift */,
				0ED9D5992528696000C5FB76 /* HTMLGenerator.swift */,
				0EC771B5252A0E3100F24032 /* FileGenerator.swift */,
			);
			path = Model;
			sourceTree = "<group>";
		};
		0ED9D59F252874AB00C5FB76 /* ViewControllers */ = {
			isa = PBXGroup;
			children = (
				0EC771AF252A0B7E00F24032 /* FileViewController.swift */,
				0ED9D583252859BB00C5FB76 /* HTMLPreviewViewController.swift */,
				0ED9D5A0252874CF00C5FB76 /* MainSplitViewController.swift */,
				0EAF0CD82528922900F552E6 /* EditorViewController.swift */,
				0E3BB03D25297D22004DE5AD /* ComponentEditorViewController.swift */,
			);
			path = ViewControllers;
			sourceTree = "<group>";
		};
		0ED9D5A3252875B900C5FB76 /* Integration */ = {
			isa = PBXGroup;
			children = (
				0E3D973C253438EC00B64F18 /* SwiftUI->UIKit */,
				0E37CED3252B24E90000159D /* UIKit->SwiftUI */,
			);
			path = Integration;
			sourceTree = "<group>";
		};
/* End PBXGroup section */

/* Begin PBXNativeTarget section */
		0ED9D57B252859BB00C5FB76 /* WXEditor */ = {
			isa = PBXNativeTarget;
			buildConfigurationList = 0ED9D590252859BC00C5FB76 /* Build configuration list for PBXNativeTarget "WXEditor" */;
			buildPhases = (
				0ED9D578252859BB00C5FB76 /* Sources */,
				0ED9D579252859BB00C5FB76 /* Frameworks */,
				0ED9D57A252859BB00C5FB76 /* Resources */,
			);
			buildRules = (
			);
			dependencies = (
			);
			name = WXEditor;
			productName = WXEditor;
			productReference = 0ED9D57C252859BB00C5FB76 /* WXEditor.app */;
			productType = "com.apple.product-type.application";
		};
/* End PBXNativeTarget section */

/* Begin PBXProject section */
		0ED9D574252859BB00C5FB76 /* Project object */ = {
			isa = PBXProject;
			attributes = {
				LastSwiftUpdateCheck = 1200;
				LastUpgradeCheck = 1200;
				TargetAttributes = {
					0ED9D57B252859BB00C5FB76 = {
						CreatedOnToolsVersion = 12.0;
					};
				};
			};
			buildConfigurationList = 0ED9D577252859BB00C5FB76 /* Build configuration list for PBXProject "WXEditor" */;
			compatibilityVersion = "Xcode 9.3";
			developmentRegion = en;
			hasScannedForEncodings = 0;
			knownRegions = (
				en,
				Base,
			);
			mainGroup = 0ED9D573252859BB00C5FB76;
			productRefGroup = 0ED9D57D252859BB00C5FB76 /* Products */;
			projectDirPath = "";
			projectRoot = "";
			targets = (
				0ED9D57B252859BB00C5FB76 /* WXEditor */,
			);
		};
/* End PBXProject section */

/* Begin PBXResourcesBuildPhase section */
		0ED9D57A252859BB00C5FB76 /* Resources */ = {
			isa = PBXResourcesBuildPhase;
			buildActionMask = 2147483647;
			files = (
				0ED9D58C252859BC00C5FB76 /* LaunchScreen.storyboard in Resources */,
				0ED9D589252859BC00C5FB76 /* Assets.xcassets in Resources */,
				0E3D9762253455EC00B64F18 /* tutorial.wedoc in Resources */,
				0E106A2D252C6C1F003B0112 /* style.css in Resources */,
				0ED9D587252859BB00C5FB76 /* Main.storyboard in Resources */,
			);
			runOnlyForDeploymentPostprocessing = 0;
		};
/* End PBXResourcesBuildPhase section */

/* Begin PBXSourcesBuildPhase section */
		0ED9D578252859BB00C5FB76 /* Sources */ = {
			isa = PBXSourcesBuildPhase;
			buildActionMask = 2147483647;
			files = (
				0EAF0CF42528C16600F552E6 /* LabelButtonView.swift in Sources */,
				0ED9D584252859BB00C5FB76 /* HTMLPreviewViewController.swift in Sources */,
				0E4FC94B253C3B7000DF6682 /* MyTextFieldViewController.swift in Sources */,
				0E37CED9252B255E0000159D /* MyTextEditorViewController.swift in Sources */,
				0ED9D59625285A2F00C5FB76 /* Component.swift in Sources */,
				0EAF0D052528C18700F552E6 /* Disabled.swift in Sources */,
				0E9238E42528C2B800571918 /* TableView.swift in Sources */,
				0EC771B6252A0E3100F24032 /* FileGenerator.swift in Sources */,
				0EAF0D082528C18700F552E6 /* TopBarViewModifier.swift in Sources */,
				0EAF0CF02528C16600F552E6 /* ListCell.swift in Sources */,
				0EC771B0252A0B7E00F24032 /* FileViewController.swift in Sources */,
				0E4FC94F253C3BD800DF6682 /* MyTextFieldView.swift in Sources */,
				0EAF0D022528C18700F552E6 /* CellModifier.swift in Sources */,
				0E37CED5252B25060000159D /* MyTextEditorView.swift in Sources */,
				0EAF0D062528C18700F552E6 /* Layout.swift in Sources */,
				0ED9D5A1252874CF00C5FB76 /* MainSplitViewController.swift in Sources */,
				0EAF0CEE2528C16600F552E6 /* Spinner.swift in Sources */,
				0EAF0CD92528922900F552E6 /* EditorViewController.swift in Sources */,
				0ED9D5A5252875C500C5FB76 /* ComponentEditorView.swift in Sources */,
				0EAF0CF32528C16600F552E6 /* CircularButton.swift in Sources */,
				0EC771AD252A0B7800F24032 /* MyFileManager.swift in Sources */,
				0EC771A82529C0E200F24032 /* BlankView.swift in Sources */,
				0ED9D580252859BB00C5FB76 /* AppDelegate.swift in Sources */,
				0EAF0CDD252895DA00F552E6 /* UIColor+tint.swift in Sources */,
				0EAF0CEB2528C16600F552E6 /* BlurView.swift in Sources */,
				0EAF0D092528C18700F552E6 /* Stroke.swift in Sources */,
				0EAF0D042528C18700F552E6 /* ButtonModifier.swift in Sources */,
				0EAF0CF22528C16600F552E6 /* BorderedButton.swift in Sources */,
				0EC771B3252A0BA200F24032 /* Global.swift in Sources */,
				0EAF0D072528C18700F552E6 /* Blur.swift in Sources */,
				0E3BB03E25297D22004DE5AD /* ComponentEditorViewController.swift in Sources */,
				0EAF0CEF2528C16600F552E6 /* CircularProgressView.swift in Sources */,
				0ED9D582252859BB00C5FB76 /* SceneDelegate.swift in Sources */,
				0ED9D59A2528696000C5FB76 /* HTMLGenerator.swift in Sources */,
				0EAF0CF12528C16600F552E6 /* TopBar.swift in Sources */,
			);
			runOnlyForDeploymentPostprocessing = 0;
		};
/* End PBXSourcesBuildPhase section */

/* Begin PBXVariantGroup section */
		0ED9D585252859BB00C5FB76 /* Main.storyboard */ = {
			isa = PBXVariantGroup;
			children = (
				0ED9D586252859BB00C5FB76 /* Base */,
			);
			name = Main.storyboard;
			sourceTree = "<group>";
		};
		0ED9D58A252859BC00C5FB76 /* LaunchScreen.storyboard */ = {
			isa = PBXVariantGroup;
			children = (
				0ED9D58B252859BC00C5FB76 /* Base */,
			);
			name = LaunchScreen.storyboard;
			sourceTree = "<group>";
		};
/* End PBXVariantGroup section */

/* Begin XCBuildConfiguration section */
		0ED9D58E252859BC00C5FB76 /* Debug */ = {
			isa = XCBuildConfiguration;
			buildSettings = {
				ALWAYS_SEARCH_USER_PATHS = NO;
				CLANG_ANALYZER_NONNULL = YES;
				CLANG_ANALYZER_NUMBER_OBJECT_CONVERSION = YES_AGGRESSIVE;
				CLANG_CXX_LANGUAGE_STANDARD = "gnu++14";
				CLANG_CXX_LIBRARY = "libc++";
				CLANG_ENABLE_MODULES = YES;
				CLANG_ENABLE_OBJC_ARC = YES;
				CLANG_ENABLE_OBJC_WEAK = YES;
				CLANG_WARN_BLOCK_CAPTURE_AUTORELEASING = YES;
				CLANG_WARN_BOOL_CONVERSION = YES;
				CLANG_WARN_COMMA = YES;
				CLANG_WARN_CONSTANT_CONVERSION = YES;
				CLANG_WARN_DEPRECATED_OBJC_IMPLEMENTATIONS = YES;
				CLANG_WARN_DIRECT_OBJC_ISA_USAGE = YES_ERROR;
				CLANG_WARN_DOCUMENTATION_COMMENTS = YES;
				CLANG_WARN_EMPTY_BODY = YES;
				CLANG_WARN_ENUM_CONVERSION = YES;
				CLANG_WARN_INFINITE_RECURSION = YES;
				CLANG_WARN_INT_CONVERSION = YES;
				CLANG_WARN_NON_LITERAL_NULL_CONVERSION = YES;
				CLANG_WARN_OBJC_IMPLICIT_RETAIN_SELF = YES;
				CLANG_WARN_OBJC_LITERAL_CONVERSION = YES;
				CLANG_WARN_OBJC_ROOT_CLASS = YES_ERROR;
				CLANG_WARN_QUOTED_INCLUDE_IN_FRAMEWORK_HEADER = YES;
				CLANG_WARN_RANGE_LOOP_ANALYSIS = YES;
				CLANG_WARN_STRICT_PROTOTYPES = YES;
				CLANG_WARN_SUSPICIOUS_MOVE = YES;
				CLANG_WARN_UNGUARDED_AVAILABILITY = YES_AGGRESSIVE;
				CLANG_WARN_UNREACHABLE_CODE = YES;
				CLANG_WARN__DUPLICATE_METHOD_MATCH = YES;
				COPY_PHASE_STRIP = NO;
				DEBUG_INFORMATION_FORMAT = dwarf;
				ENABLE_STRICT_OBJC_MSGSEND = YES;
				ENABLE_TESTABILITY = YES;
				GCC_C_LANGUAGE_STANDARD = gnu11;
				GCC_DYNAMIC_NO_PIC = NO;
				GCC_NO_COMMON_BLOCKS = YES;
				GCC_OPTIMIZATION_LEVEL = 0;
				GCC_PREPROCESSOR_DEFINITIONS = (
					"DEBUG=1",
					"$(inherited)",
				);
				GCC_WARN_64_TO_32_BIT_CONVERSION = YES;
				GCC_WARN_ABOUT_RETURN_TYPE = YES_ERROR;
				GCC_WARN_UNDECLARED_SELECTOR = YES;
				GCC_WARN_UNINITIALIZED_AUTOS = YES_AGGRESSIVE;
				GCC_WARN_UNUSED_FUNCTION = YES;
				GCC_WARN_UNUSED_VARIABLE = YES;
				IPHONEOS_DEPLOYMENT_TARGET = 14.0;
				MTL_ENABLE_DEBUG_INFO = INCLUDE_SOURCE;
				MTL_FAST_MATH = YES;
				ONLY_ACTIVE_ARCH = YES;
				SDKROOT = iphoneos;
				SWIFT_ACTIVE_COMPILATION_CONDITIONS = DEBUG;
				SWIFT_OPTIMIZATION_LEVEL = "-Onone";
			};
			name = Debug;
		};
		0ED9D58F252859BC00C5FB76 /* Release */ = {
			isa = XCBuildConfiguration;
			buildSettings = {
				ALWAYS_SEARCH_USER_PATHS = NO;
				CLANG_ANALYZER_NONNULL = YES;
				CLANG_ANALYZER_NUMBER_OBJECT_CONVERSION = YES_AGGRESSIVE;
				CLANG_CXX_LANGUAGE_STANDARD = "gnu++14";
				CLANG_CXX_LIBRARY = "libc++";
				CLANG_ENABLE_MODULES = YES;
				CLANG_ENABLE_OBJC_ARC = YES;
				CLANG_ENABLE_OBJC_WEAK = YES;
				CLANG_WARN_BLOCK_CAPTURE_AUTORELEASING = YES;
				CLANG_WARN_BOOL_CONVERSION = YES;
				CLANG_WARN_COMMA = YES;
				CLANG_WARN_CONSTANT_CONVERSION = YES;
				CLANG_WARN_DEPRECATED_OBJC_IMPLEMENTATIONS = YES;
				CLANG_WARN_DIRECT_OBJC_ISA_USAGE = YES_ERROR;
				CLANG_WARN_DOCUMENTATION_COMMENTS = YES;
				CLANG_WARN_EMPTY_BODY = YES;
				CLANG_WARN_ENUM_CONVERSION = YES;
				CLANG_WARN_INFINITE_RECURSION = YES;
				CLANG_WARN_INT_CONVERSION = YES;
				CLANG_WARN_NON_LITERAL_NULL_CONVERSION = YES;
				CLANG_WARN_OBJC_IMPLICIT_RETAIN_SELF = YES;
				CLANG_WARN_OBJC_LITERAL_CONVERSION = YES;
				CLANG_WARN_OBJC_ROOT_CLASS = YES_ERROR;
				CLANG_WARN_QUOTED_INCLUDE_IN_FRAMEWORK_HEADER = YES;
				CLANG_WARN_RANGE_LOOP_ANALYSIS = YES;
				CLANG_WARN_STRICT_PROTOTYPES = YES;
				CLANG_WARN_SUSPICIOUS_MOVE = YES;
				CLANG_WARN_UNGUARDED_AVAILABILITY = YES_AGGRESSIVE;
				CLANG_WARN_UNREACHABLE_CODE = YES;
				CLANG_WARN__DUPLICATE_METHOD_MATCH = YES;
				COPY_PHASE_STRIP = NO;
				DEBUG_INFORMATION_FORMAT = "dwarf-with-dsym";
				ENABLE_NS_ASSERTIONS = NO;
				ENABLE_STRICT_OBJC_MSGSEND = YES;
				GCC_C_LANGUAGE_STANDARD = gnu11;
				GCC_NO_COMMON_BLOCKS = YES;
				GCC_WARN_64_TO_32_BIT_CONVERSION = YES;
				GCC_WARN_ABOUT_RETURN_TYPE = YES_ERROR;
				GCC_WARN_UNDECLARED_SELECTOR = YES;
				GCC_WARN_UNINITIALIZED_AUTOS = YES_AGGRESSIVE;
				GCC_WARN_UNUSED_FUNCTION = YES;
				GCC_WARN_UNUSED_VARIABLE = YES;
				IPHONEOS_DEPLOYMENT_TARGET = 14.0;
				MTL_ENABLE_DEBUG_INFO = NO;
				MTL_FAST_MATH = YES;
				SDKROOT = iphoneos;
				SWIFT_COMPILATION_MODE = wholemodule;
				SWIFT_OPTIMIZATION_LEVEL = "-O";
				VALIDATE_PRODUCT = YES;
			};
			name = Release;
		};
		0ED9D591252859BC00C5FB76 /* Debug */ = {
			isa = XCBuildConfiguration;
			buildSettings = {
				ASSETCATALOG_COMPILER_APPICON_NAME = AppIcon;
				ASSETCATALOG_COMPILER_GLOBAL_ACCENT_COLOR_NAME = AccentColor;
				CODE_SIGN_ENTITLEMENTS = WXEditor/WXEditor.entitlements;
				CODE_SIGN_STYLE = Automatic;
				CURRENT_PROJECT_VERSION = 1010;
				DEVELOPMENT_TEAM = C5UH93T368;
				INFOPLIST_FILE = WXEditor/Info.plist;
				LD_RUNPATH_SEARCH_PATHS = (
					"$(inherited)",
					"@executable_path/Frameworks",
				);
				PRODUCT_BUNDLE_IDENTIFIER = liang2kl.dev.editor;
				PRODUCT_NAME = "$(TARGET_NAME)";
				SUPPORTS_MACCATALYST = YES;
				SWIFT_VERSION = 5.0;
				TARGETED_DEVICE_FAMILY = "2,6";
			};
			name = Debug;
		};
		0ED9D592252859BC00C5FB76 /* Release */ = {
			isa = XCBuildConfiguration;
			buildSettings = {
				ASSETCATALOG_COMPILER_APPICON_NAME = AppIcon;
				ASSETCATALOG_COMPILER_GLOBAL_ACCENT_COLOR_NAME = AccentColor;
				CODE_SIGN_ENTITLEMENTS = WXEditor/WXEditor.entitlements;
				CODE_SIGN_STYLE = Automatic;
				CURRENT_PROJECT_VERSION = 1010;
				DEVELOPMENT_TEAM = C5UH93T368;
				INFOPLIST_FILE = WXEditor/Info.plist;
				LD_RUNPATH_SEARCH_PATHS = (
					"$(inherited)",
					"@executable_path/Frameworks",
				);
				PRODUCT_BUNDLE_IDENTIFIER = liang2kl.dev.editor;
				PRODUCT_NAME = "$(TARGET_NAME)";
				SUPPORTS_MACCATALYST = YES;
				SWIFT_VERSION = 5.0;
				TARGETED_DEVICE_FAMILY = "2,6";
			};
			name = Release;
		};
/* End XCBuildConfiguration section */

/* Begin XCConfigurationList section */
		0ED9D577252859BB00C5FB76 /* Build configuration list for PBXProject "WXEditor" */ = {
			isa = XCConfigurationList;
			buildConfigurations = (
				0ED9D58E252859BC00C5FB76 /* Debug */,
				0ED9D58F252859BC00C5FB76 /* Release */,
			);
			defaultConfigurationIsVisible = 0;
			defaultConfigurationName = Release;
		};
		0ED9D590252859BC00C5FB76 /* Build configuration list for PBXNativeTarget "WXEditor" */ = {
			isa = XCConfigurationList;
			buildConfigurations = (
				0ED9D591252859BC00C5FB76 /* Debug */,
				0ED9D592252859BC00C5FB76 /* Release */,
			);
			defaultConfigurationIsVisible = 0;
			defaultConfigurationName = Release;
		};
/* End XCConfigurationList section */
	};
	rootObject = 0ED9D574252859BB00C5FB76 /* Project object */;
}
